// !$*UTF8*$!
{
	archiveVersion = 1;
	classes = {
	};
	objectVersion = 46;
	objects = {

/* Begin PBXBuildFile section */
		23368F5F1E7293440093FB46 /* ViewController.m in Sources */ = {isa = PBXBuildFile; fileRef = 23D4F27B1E5ECFF1006AA5B3 /* ViewController.m */; };
		23368F601E7293440093FB46 /* main.m in Sources */ = {isa = PBXBuildFile; fileRef = 23D4F2111E5EC9AA006AA5B3 /* main.m */; };
		23368F611E7293440093FB46 /* AppDelegate.m in Sources */ = {isa = PBXBuildFile; fileRef = 23D4F27E1E5ECFF1006AA5B3 /* AppDelegate.m */; };
		23368F641E7293440093FB46 /* LaunchScreen.storyboard in Resources */ = {isa = PBXBuildFile; fileRef = 23D4F21E1E5EC9AA006AA5B3 /* LaunchScreen.storyboard */; };
		23368F651E7293440093FB46 /* CDDDemonInfo.plist in Resources */ = {isa = PBXBuildFile; fileRef = 23D4F28F1E5ED291006AA5B3 /* CDDDemonInfo.plist */; };
		23368F661E7293440093FB46 /* Assets.xcassets in Resources */ = {isa = PBXBuildFile; fileRef = 23D4F21C1E5EC9AA006AA5B3 /* Assets.xcassets */; };
		23368F671E7293440093FB46 /* Main.storyboard in Resources */ = {isa = PBXBuildFile; fileRef = 23D4F2191E5EC9AA006AA5B3 /* Main.storyboard */; };
		238B07731E645046003CE590 /* MCVController.m in Sources */ = {isa = PBXBuildFile; fileRef = 238B07711E645046003CE590 /* MCVController.m */; };
		238B07741E645046003CE590 /* MCVController.xib in Resources */ = {isa = PBXBuildFile; fileRef = 238B07721E645046003CE590 /* MCVController.xib */; };
		238B07771E645066003CE590 /* MVCModel.m in Sources */ = {isa = PBXBuildFile; fileRef = 238B07761E645066003CE590 /* MVCModel.m */; };
		23D4F2121E5EC9AA006AA5B3 /* main.m in Sources */ = {isa = PBXBuildFile; fileRef = 23D4F2111E5EC9AA006AA5B3 /* main.m */; };
		23D4F21B1E5EC9AA006AA5B3 /* Main.storyboard in Resources */ = {isa = PBXBuildFile; fileRef = 23D4F2191E5EC9AA006AA5B3 /* Main.storyboard */; };
		23D4F21D1E5EC9AA006AA5B3 /* Assets.xcassets in Resources */ = {isa = PBXBuildFile; fileRef = 23D4F21C1E5EC9AA006AA5B3 /* Assets.xcassets */; };
		23D4F2201E5EC9AA006AA5B3 /* LaunchScreen.storyboard in Resources */ = {isa = PBXBuildFile; fileRef = 23D4F21E1E5EC9AA006AA5B3 /* LaunchScreen.storyboard */; };
		23D4F22B1E5EC9AB006AA5B3 /* FrameworkDemonTests.m in Sources */ = {isa = PBXBuildFile; fileRef = 23D4F22A1E5EC9AB006AA5B3 /* FrameworkDemonTests.m */; };
		23D4F2361E5EC9AB006AA5B3 /* FrameworkDemonUITests.m in Sources */ = {isa = PBXBuildFile; fileRef = 23D4F2351E5EC9AB006AA5B3 /* FrameworkDemonUITests.m */; };
		23D4F2471E5ECA6D006AA5B3 /* main.m in Sources */ = {isa = PBXBuildFile; fileRef = 23D4F2111E5EC9AA006AA5B3 /* main.m */; };
		23D4F24A1E5ECA6D006AA5B3 /* LaunchScreen.storyboard in Resources */ = {isa = PBXBuildFile; fileRef = 23D4F21E1E5EC9AA006AA5B3 /* LaunchScreen.storyboard */; };
		23D4F24B1E5ECA6D006AA5B3 /* Assets.xcassets in Resources */ = {isa = PBXBuildFile; fileRef = 23D4F21C1E5EC9AA006AA5B3 /* Assets.xcassets */; };
		23D4F24C1E5ECA6D006AA5B3 /* Main.storyboard in Resources */ = {isa = PBXBuildFile; fileRef = 23D4F2191E5EC9AA006AA5B3 /* Main.storyboard */; };
		23D4F2581E5ECB3D006AA5B3 /* main.m in Sources */ = {isa = PBXBuildFile; fileRef = 23D4F2111E5EC9AA006AA5B3 /* main.m */; };
		23D4F25B1E5ECB3D006AA5B3 /* LaunchScreen.storyboard in Resources */ = {isa = PBXBuildFile; fileRef = 23D4F21E1E5EC9AA006AA5B3 /* LaunchScreen.storyboard */; };
		23D4F25C1E5ECB3D006AA5B3 /* Assets.xcassets in Resources */ = {isa = PBXBuildFile; fileRef = 23D4F21C1E5EC9AA006AA5B3 /* Assets.xcassets */; };
		23D4F25D1E5ECB3D006AA5B3 /* Main.storyboard in Resources */ = {isa = PBXBuildFile; fileRef = 23D4F2191E5EC9AA006AA5B3 /* Main.storyboard */; };
		23D4F2671E5ECB54006AA5B3 /* main.m in Sources */ = {isa = PBXBuildFile; fileRef = 23D4F2111E5EC9AA006AA5B3 /* main.m */; };
		23D4F26A1E5ECB54006AA5B3 /* LaunchScreen.storyboard in Resources */ = {isa = PBXBuildFile; fileRef = 23D4F21E1E5EC9AA006AA5B3 /* LaunchScreen.storyboard */; };
		23D4F26B1E5ECB54006AA5B3 /* Assets.xcassets in Resources */ = {isa = PBXBuildFile; fileRef = 23D4F21C1E5EC9AA006AA5B3 /* Assets.xcassets */; };
		23D4F26C1E5ECB54006AA5B3 /* Main.storyboard in Resources */ = {isa = PBXBuildFile; fileRef = 23D4F2191E5EC9AA006AA5B3 /* Main.storyboard */; };
		23D4F2721E5ECF00006AA5B3 /* Info.plist in Resources */ = {isa = PBXBuildFile; fileRef = 23D4F2211E5EC9AA006AA5B3 /* Info.plist */; };
		23D4F2871E5ECFF1006AA5B3 /* ViewController.m in Sources */ = {isa = PBXBuildFile; fileRef = 23D4F27B1E5ECFF1006AA5B3 /* ViewController.m */; };
		23D4F2881E5ECFF1006AA5B3 /* AppDelegate.m in Sources */ = {isa = PBXBuildFile; fileRef = 23D4F27E1E5ECFF1006AA5B3 /* AppDelegate.m */; };
		23D4F2891E5ED011006AA5B3 /* ViewController.m in Sources */ = {isa = PBXBuildFile; fileRef = 23D4F27B1E5ECFF1006AA5B3 /* ViewController.m */; };
		23D4F28A1E5ED012006AA5B3 /* ViewController.m in Sources */ = {isa = PBXBuildFile; fileRef = 23D4F27B1E5ECFF1006AA5B3 /* ViewController.m */; };
		23D4F28B1E5ED012006AA5B3 /* ViewController.m in Sources */ = {isa = PBXBuildFile; fileRef = 23D4F27B1E5ECFF1006AA5B3 /* ViewController.m */; };
		23D4F28C1E5ED017006AA5B3 /* AppDelegate.m in Sources */ = {isa = PBXBuildFile; fileRef = 23D4F27E1E5ECFF1006AA5B3 /* AppDelegate.m */; };
		23D4F28D1E5ED017006AA5B3 /* AppDelegate.m in Sources */ = {isa = PBXBuildFile; fileRef = 23D4F27E1E5ECFF1006AA5B3 /* AppDelegate.m */; };
		23D4F28E1E5ED018006AA5B3 /* AppDelegate.m in Sources */ = {isa = PBXBuildFile; fileRef = 23D4F27E1E5ECFF1006AA5B3 /* AppDelegate.m */; };
		23D4F2951E5ED2A5006AA5B3 /* MVPDemonInfo.plist in Resources */ = {isa = PBXBuildFile; fileRef = 23D4F2901E5ED291006AA5B3 /* MVPDemonInfo.plist */; };
		23D4F2961E5ED2A9006AA5B3 /* MVVMDemonInfo.plist in Resources */ = {isa = PBXBuildFile; fileRef = 23D4F2911E5ED291006AA5B3 /* MVVMDemonInfo.plist */; };
		23D4F2971E5ED2AB006AA5B3 /* CDDDemonInfo.plist in Resources */ = {isa = PBXBuildFile; fileRef = 23D4F28F1E5ED291006AA5B3 /* CDDDemonInfo.plist */; };
/* End PBXBuildFile section */

/* Begin PBXContainerItemProxy section */
		23D4F2271E5EC9AB006AA5B3 /* PBXContainerItemProxy */ = {
			isa = PBXContainerItemProxy;
			containerPortal = 23D4F2051E5EC9AA006AA5B3 /* Project object */;
			proxyType = 1;
			remoteGlobalIDString = 23D4F20C1E5EC9AA006AA5B3;
			remoteInfo = FrameworkDemon;
		};
		23D4F2321E5EC9AB006AA5B3 /* PBXContainerItemProxy */ = {
			isa = PBXContainerItemProxy;
			containerPortal = 23D4F2051E5EC9AA006AA5B3 /* Project object */;
			proxyType = 1;
			remoteGlobalIDString = 23D4F20C1E5EC9AA006AA5B3;
			remoteInfo = FrameworkDemon;
		};
/* End PBXContainerItemProxy section */

/* Begin PBXFileReference section */
		23368F6B1E7293440093FB46 /* VIPERDemon.app */ = {isa = PBXFileReference; explicitFileType = wrapper.application; includeInIndex = 0; path = VIPERDemon.app; sourceTree = BUILT_PRODUCTS_DIR; };
		23368F6C1E7293440093FB46 /* VIPERDemonInfo.plist */ = {isa = PBXFileReference; lastKnownFileType = text.plist.xml; name = VIPERDemonInfo.plist; path = /Users/apple/Desktop/Git/FrameworkDemon/VIPERDemonInfo.plist; sourceTree = "<absolute>"; };
		238B07701E645046003CE590 /* MCVController.h */ = {isa = PBXFileReference; fileEncoding = 4; lastKnownFileType = sourcecode.c.h; path = MCVController.h; sourceTree = "<group>"; };
		238B07711E645046003CE590 /* MCVController.m */ = {isa = PBXFileReference; fileEncoding = 4; lastKnownFileType = sourcecode.c.objc; path = MCVController.m; sourceTree = "<group>"; };
		238B07721E645046003CE590 /* MCVController.xib */ = {isa = PBXFileReference; fileEncoding = 4; lastKnownFileType = file.xib; path = MCVController.xib; sourceTree = "<group>"; };
		238B07751E645066003CE590 /* MVCModel.h */ = {isa = PBXFileReference; fileEncoding = 4; lastKnownFileType = sourcecode.c.h; path = MVCModel.h; sourceTree = "<group>"; };
		238B07761E645066003CE590 /* MVCModel.m */ = {isa = PBXFileReference; fileEncoding = 4; lastKnownFileType = sourcecode.c.objc; path = MVCModel.m; sourceTree = "<group>"; };
		23D4F20D1E5EC9AA006AA5B3 /* MVCDemon.app */ = {isa = PBXFileReference; explicitFileType = wrapper.application; includeInIndex = 0; path = MVCDemon.app; sourceTree = BUILT_PRODUCTS_DIR; };
		23D4F2111E5EC9AA006AA5B3 /* main.m */ = {isa = PBXFileReference; lastKnownFileType = sourcecode.c.objc; path = main.m; sourceTree = "<group>"; };
		23D4F21A1E5EC9AA006AA5B3 /* Base */ = {isa = PBXFileReference; lastKnownFileType = file.storyboard; name = Base; path = Base.lproj/Main.storyboard; sourceTree = "<group>"; };
		23D4F21C1E5EC9AA006AA5B3 /* Assets.xcassets */ = {isa = PBXFileReference; lastKnownFileType = folder.assetcatalog; path = Assets.xcassets; sourceTree = "<group>"; };
		23D4F21F1E5EC9AA006AA5B3 /* Base */ = {isa = PBXFileReference; lastKnownFileType = file.storyboard; name = Base; path = Base.lproj/LaunchScreen.storyboard; sourceTree = "<group>"; };
		23D4F2211E5EC9AA006AA5B3 /* Info.plist */ = {isa = PBXFileReference; lastKnownFileType = text.plist.xml; path = Info.plist; sourceTree = "<group>"; };
		23D4F2261E5EC9AB006AA5B3 /* FrameworkDemonTests.xctest */ = {isa = PBXFileReference; explicitFileType = wrapper.cfbundle; includeInIndex = 0; path = FrameworkDemonTests.xctest; sourceTree = BUILT_PRODUCTS_DIR; };
		23D4F22A1E5EC9AB006AA5B3 /* FrameworkDemonTests.m */ = {isa = PBXFileReference; lastKnownFileType = sourcecode.c.objc; path = FrameworkDemonTests.m; sourceTree = "<group>"; };
		23D4F22C1E5EC9AB006AA5B3 /* Info.plist */ = {isa = PBXFileReference; lastKnownFileType = text.plist.xml; path = Info.plist; sourceTree = "<group>"; };
		23D4F2311E5EC9AB006AA5B3 /* FrameworkDemonUITests.xctest */ = {isa = PBXFileReference; explicitFileType = wrapper.cfbundle; includeInIndex = 0; path = FrameworkDemonUITests.xctest; sourceTree = BUILT_PRODUCTS_DIR; };
		23D4F2351E5EC9AB006AA5B3 /* FrameworkDemonUITests.m */ = {isa = PBXFileReference; lastKnownFileType = sourcecode.c.objc; path = FrameworkDemonUITests.m; sourceTree = "<group>"; };
		23D4F2371E5EC9AB006AA5B3 /* Info.plist */ = {isa = PBXFileReference; lastKnownFileType = text.plist.xml; path = Info.plist; sourceTree = "<group>"; };
		23D4F2501E5ECA6D006AA5B3 /* MVPDemon.app */ = {isa = PBXFileReference; explicitFileType = wrapper.application; includeInIndex = 0; path = MVPDemon.app; sourceTree = BUILT_PRODUCTS_DIR; };
		23D4F2611E5ECB3D006AA5B3 /* MVVMDemon.app */ = {isa = PBXFileReference; explicitFileType = wrapper.application; includeInIndex = 0; path = MVVMDemon.app; sourceTree = BUILT_PRODUCTS_DIR; };
		23D4F2701E5ECB54006AA5B3 /* CDDDemon.app */ = {isa = PBXFileReference; explicitFileType = wrapper.application; includeInIndex = 0; path = CDDDemon.app; sourceTree = BUILT_PRODUCTS_DIR; };
		23D4F27A1E5ECFF1006AA5B3 /* ViewController.h */ = {isa = PBXFileReference; fileEncoding = 4; lastKnownFileType = sourcecode.c.h; path = ViewController.h; sourceTree = "<group>"; };
		23D4F27B1E5ECFF1006AA5B3 /* ViewController.m */ = {isa = PBXFileReference; fileEncoding = 4; lastKnownFileType = sourcecode.c.objc; path = ViewController.m; sourceTree = "<group>"; };
		23D4F27D1E5ECFF1006AA5B3 /* AppDelegate.h */ = {isa = PBXFileReference; fileEncoding = 4; lastKnownFileType = sourcecode.c.h; path = AppDelegate.h; sourceTree = "<group>"; };
		23D4F27E1E5ECFF1006AA5B3 /* AppDelegate.m */ = {isa = PBXFileReference; fileEncoding = 4; lastKnownFileType = sourcecode.c.objc; path = AppDelegate.m; sourceTree = "<group>"; };
		23D4F28F1E5ED291006AA5B3 /* CDDDemonInfo.plist */ = {isa = PBXFileReference; fileEncoding = 4; lastKnownFileType = text.plist.xml; path = CDDDemonInfo.plist; sourceTree = "<group>"; };
		23D4F2901E5ED291006AA5B3 /* MVPDemonInfo.plist */ = {isa = PBXFileReference; fileEncoding = 4; lastKnownFileType = text.plist.xml; path = MVPDemonInfo.plist; sourceTree = "<group>"; };
		23D4F2911E5ED291006AA5B3 /* MVVMDemonInfo.plist */ = {isa = PBXFileReference; fileEncoding = 4; lastKnownFileType = text.plist.xml; path = MVVMDemonInfo.plist; sourceTree = "<group>"; };
/* End PBXFileReference section */

/* Begin PBXFrameworksBuildPhase section */
		23368F621E7293440093FB46 /* Frameworks */ = {
			isa = PBXFrameworksBuildPhase;
			buildActionMask = 2147483647;
			files = (
			);
			runOnlyForDeploymentPostprocessing = 0;
		};
		23D4F20A1E5EC9AA006AA5B3 /* Frameworks */ = {
			isa = PBXFrameworksBuildPhase;
			buildActionMask = 2147483647;
			files = (
			);
			runOnlyForDeploymentPostprocessing = 0;
		};
		23D4F2231E5EC9AB006AA5B3 /* Frameworks */ = {
			isa = PBXFrameworksBuildPhase;
			buildActionMask = 2147483647;
			files = (
			);
			runOnlyForDeploymentPostprocessing = 0;
		};
		23D4F22E1E5EC9AB006AA5B3 /* Frameworks */ = {
			isa = PBXFrameworksBuildPhase;
			buildActionMask = 2147483647;
			files = (
			);
			runOnlyForDeploymentPostprocessing = 0;
		};
		23D4F2481E5ECA6D006AA5B3 /* Frameworks */ = {
			isa = PBXFrameworksBuildPhase;
			buildActionMask = 2147483647;
			files = (
			);
			runOnlyForDeploymentPostprocessing = 0;
		};
		23D4F2591E5ECB3D006AA5B3 /* Frameworks */ = {
			isa = PBXFrameworksBuildPhase;
			buildActionMask = 2147483647;
			files = (
			);
			runOnlyForDeploymentPostprocessing = 0;
		};
		23D4F2681E5ECB54006AA5B3 /* Frameworks */ = {
			isa = PBXFrameworksBuildPhase;
			buildActionMask = 2147483647;
			files = (
			);
			runOnlyForDeploymentPostprocessing = 0;
		};
/* End PBXFrameworksBuildPhase section */

/* Begin PBXGroup section */
		23368F6D1E7294590093FB46 /* VIPER */ = {
			isa = PBXGroup;
			children = (
			);
			path = VIPER;
			sourceTree = "<group>";
		};
		23D4F2041E5EC9AA006AA5B3 = {
			isa = PBXGroup;
			children = (
				23D4F20F1E5EC9AA006AA5B3 /* FrameworkDemon */,
				23D4F2291E5EC9AB006AA5B3 /* FrameworkDemonTests */,
				23D4F2341E5EC9AB006AA5B3 /* FrameworkDemonUITests */,
				23D4F20E1E5EC9AA006AA5B3 /* Products */,
			);
			sourceTree = "<group>";
		};
		23D4F20E1E5EC9AA006AA5B3 /* Products */ = {
			isa = PBXGroup;
			children = (
				23D4F20D1E5EC9AA006AA5B3 /* MVCDemon.app */,
				23D4F2261E5EC9AB006AA5B3 /* FrameworkDemonTests.xctest */,
				23D4F2311E5EC9AB006AA5B3 /* FrameworkDemonUITests.xctest */,
				23D4F2501E5ECA6D006AA5B3 /* MVPDemon.app */,
				23D4F2611E5ECB3D006AA5B3 /* MVVMDemon.app */,
				23D4F2701E5ECB54006AA5B3 /* CDDDemon.app */,
				23368F6B1E7293440093FB46 /* VIPERDemon.app */,
			);
			name = Products;
			sourceTree = "<group>";
		};
		23D4F20F1E5EC9AA006AA5B3 /* FrameworkDemon */ = {
			isa = PBXGroup;
			children = (
				23D4F2761E5ECFF1006AA5B3 /* Classes */,
				23D4F2101E5EC9AA006AA5B3 /* Supporting Files */,
			);
			path = FrameworkDemon;
			sourceTree = "<group>";
		};
		23D4F2101E5EC9AA006AA5B3 /* Supporting Files */ = {
			isa = PBXGroup;
			children = (
				23D4F2191E5EC9AA006AA5B3 /* Main.storyboard */,
				23D4F21C1E5EC9AA006AA5B3 /* Assets.xcassets */,
				23D4F21E1E5EC9AA006AA5B3 /* LaunchScreen.storyboard */,
				23D4F2211E5EC9AA006AA5B3 /* Info.plist */,
				23D4F2901E5ED291006AA5B3 /* MVPDemonInfo.plist */,
				23D4F2911E5ED291006AA5B3 /* MVVMDemonInfo.plist */,
				23D4F28F1E5ED291006AA5B3 /* CDDDemonInfo.plist */,
				23368F6C1E7293440093FB46 /* VIPERDemonInfo.plist */,
				23D4F2111E5EC9AA006AA5B3 /* main.m */,
			);
			name = "Supporting Files";
			sourceTree = "<group>";
		};
		23D4F2291E5EC9AB006AA5B3 /* FrameworkDemonTests */ = {
			isa = PBXGroup;
			children = (
				23D4F22A1E5EC9AB006AA5B3 /* FrameworkDemonTests.m */,
				23D4F22C1E5EC9AB006AA5B3 /* Info.plist */,
			);
			path = FrameworkDemonTests;
			sourceTree = "<group>";
		};
		23D4F2341E5EC9AB006AA5B3 /* FrameworkDemonUITests */ = {
			isa = PBXGroup;
			children = (
				23D4F2351E5EC9AB006AA5B3 /* FrameworkDemonUITests.m */,
				23D4F2371E5EC9AB006AA5B3 /* Info.plist */,
			);
			path = FrameworkDemonUITests;
			sourceTree = "<group>";
		};
		23D4F2761E5ECFF1006AA5B3 /* Classes */ = {
			isa = PBXGroup;
			children = (
				23D4F2811E5ECFF1006AA5B3 /* MVC */,
				23D4F2851E5ECFF1006AA5B3 /* MVP */,
				23D4F2861E5ECFF1006AA5B3 /* MVVM */,
				23D4F2771E5ECFF1006AA5B3 /* CDD */,
				23368F6D1E7294590093FB46 /* VIPER */,
				23D4F2781E5ECFF1006AA5B3 /* Common */,
			);
			path = Classes;
			sourceTree = "<group>";
		};
		23D4F2771E5ECFF1006AA5B3 /* CDD */ = {
			isa = PBXGroup;
			children = (
			);
			path = CDD;
			sourceTree = "<group>";
		};
		23D4F2781E5ECFF1006AA5B3 /* Common */ = {
			isa = PBXGroup;
			children = (
				23D4F2791E5ECFF1006AA5B3 /* Controllers */,
				23D4F27C1E5ECFF1006AA5B3 /* Delegate */,
				23D4F27F1E5ECFF1006AA5B3 /* Models */,
				23D4F2801E5ECFF1006AA5B3 /* Views */,
			);
			path = Common;
			sourceTree = "<group>";
		};
		23D4F2791E5ECFF1006AA5B3 /* Controllers */ = {
			isa = PBXGroup;
			children = (
				23D4F27A1E5ECFF1006AA5B3 /* ViewController.h */,
				23D4F27B1E5ECFF1006AA5B3 /* ViewController.m */,
			);
			path = Controllers;
			sourceTree = "<group>";
		};
		23D4F27C1E5ECFF1006AA5B3 /* Delegate */ = {
			isa = PBXGroup;
			children = (
				23D4F27D1E5ECFF1006AA5B3 /* AppDelegate.h */,
				23D4F27E1E5ECFF1006AA5B3 /* AppDelegate.m */,
			);
			path = Delegate;
			sourceTree = "<group>";
		};
		23D4F27F1E5ECFF1006AA5B3 /* Models */ = {
			isa = PBXGroup;
			children = (
			);
			path = Models;
			sourceTree = "<group>";
		};
		23D4F2801E5ECFF1006AA5B3 /* Views */ = {
			isa = PBXGroup;
			children = (
			);
			path = Views;
			sourceTree = "<group>";
		};
		23D4F2811E5ECFF1006AA5B3 /* MVC */ = {
			isa = PBXGroup;
			children = (
				23D4F2821E5ECFF1006AA5B3 /* Controllers */,
				23D4F2831E5ECFF1006AA5B3 /* Models */,
				23D4F2841E5ECFF1006AA5B3 /* Views */,
			);
			path = MVC;
			sourceTree = "<group>";
		};
		23D4F2821E5ECFF1006AA5B3 /* Controllers */ = {
			isa = PBXGroup;
			children = (
				238B07701E645046003CE590 /* MCVController.h */,
				238B07711E645046003CE590 /* MCVController.m */,
				238B07721E645046003CE590 /* MCVController.xib */,
			);
			path = Controllers;
			sourceTree = "<group>";
		};
		23D4F2831E5ECFF1006AA5B3 /* Models */ = {
			isa = PBXGroup;
			children = (
				238B07751E645066003CE590 /* MVCModel.h */,
				238B07761E645066003CE590 /* MVCModel.m */,
			);
			path = Models;
			sourceTree = "<group>";
		};
		23D4F2841E5ECFF1006AA5B3 /* Views */ = {
			isa = PBXGroup;
			children = (
			);
			path = Views;
			sourceTree = "<group>";
		};
		23D4F2851E5ECFF1006AA5B3 /* MVP */ = {
			isa = PBXGroup;
			children = (
			);
			path = MVP;
			sourceTree = "<group>";
		};
		23D4F2861E5ECFF1006AA5B3 /* MVVM */ = {
			isa = PBXGroup;
			children = (
			);
			path = MVVM;
			sourceTree = "<group>";
		};
/* End PBXGroup section */

/* Begin PBXNativeTarget section */
		23368F5D1E7293440093FB46 /* VIPERDemon */ = {
			isa = PBXNativeTarget;
			buildConfigurationList = 23368F681E7293440093FB46 /* Build configuration list for PBXNativeTarget "VIPERDemon" */;
			buildPhases = (
				23368F5E1E7293440093FB46 /* Sources */,
				23368F621E7293440093FB46 /* Frameworks */,
				23368F631E7293440093FB46 /* Resources */,
			);
			buildRules = (
			);
			dependencies = (
			);
			name = VIPERDemon;
			productName = FrameworkDemon;
			productReference = 23368F6B1E7293440093FB46 /* VIPERDemon.app */;
			productType = "com.apple.product-type.application";
		};
		23D4F20C1E5EC9AA006AA5B3 /* MVCDemon */ = {
			isa = PBXNativeTarget;
			buildConfigurationList = 23D4F23A1E5EC9AB006AA5B3 /* Build configuration list for PBXNativeTarget "MVCDemon" */;
			buildPhases = (
				23D4F2091E5EC9AA006AA5B3 /* Sources */,
				23D4F20A1E5EC9AA006AA5B3 /* Frameworks */,
				23D4F20B1E5EC9AA006AA5B3 /* Resources */,
			);
			buildRules = (
			);
			dependencies = (
			);
			name = MVCDemon;
			productName = FrameworkDemon;
			productReference = 23D4F20D1E5EC9AA006AA5B3 /* MVCDemon.app */;
			productType = "com.apple.product-type.application";
		};
		23D4F2251E5EC9AB006AA5B3 /* FrameworkDemonTests */ = {
			isa = PBXNativeTarget;
			buildConfigurationList = 23D4F23D1E5EC9AB006AA5B3 /* Build configuration list for PBXNativeTarget "FrameworkDemonTests" */;
			buildPhases = (
				23D4F2221E5EC9AB006AA5B3 /* Sources */,
				23D4F2231E5EC9AB006AA5B3 /* Frameworks */,
				23D4F2241E5EC9AB006AA5B3 /* Resources */,
			);
			buildRules = (
			);
			dependencies = (
				23D4F2281E5EC9AB006AA5B3 /* PBXTargetDependency */,
			);
			name = FrameworkDemonTests;
			productName = FrameworkDemonTests;
			productReference = 23D4F2261E5EC9AB006AA5B3 /* FrameworkDemonTests.xctest */;
			productType = "com.apple.product-type.bundle.unit-test";
		};
		23D4F2301E5EC9AB006AA5B3 /* FrameworkDemonUITests */ = {
			isa = PBXNativeTarget;
			buildConfigurationList = 23D4F2401E5EC9AB006AA5B3 /* Build configuration list for PBXNativeTarget "FrameworkDemonUITests" */;
			buildPhases = (
				23D4F22D1E5EC9AB006AA5B3 /* Sources */,
				23D4F22E1E5EC9AB006AA5B3 /* Frameworks */,
				23D4F22F1E5EC9AB006AA5B3 /* Resources */,
			);
			buildRules = (
			);
			dependencies = (
				23D4F2331E5EC9AB006AA5B3 /* PBXTargetDependency */,
			);
			name = FrameworkDemonUITests;
			productName = FrameworkDemonUITests;
			productReference = 23D4F2311E5EC9AB006AA5B3 /* FrameworkDemonUITests.xctest */;
			productType = "com.apple.product-type.bundle.ui-testing";
		};
		23D4F2431E5ECA6D006AA5B3 /* MVPDemon */ = {
			isa = PBXNativeTarget;
			buildConfigurationList = 23D4F24D1E5ECA6D006AA5B3 /* Build configuration list for PBXNativeTarget "MVPDemon" */;
			buildPhases = (
				23D4F2441E5ECA6D006AA5B3 /* Sources */,
				23D4F2481E5ECA6D006AA5B3 /* Frameworks */,
				23D4F2491E5ECA6D006AA5B3 /* Resources */,
			);
			buildRules = (
			);
			dependencies = (
			);
			name = MVPDemon;
			productName = FrameworkDemon;
			productReference = 23D4F2501E5ECA6D006AA5B3 /* MVPDemon.app */;
			productType = "com.apple.product-type.application";
		};
		23D4F2541E5ECB3D006AA5B3 /* MVVMDemon */ = {
			isa = PBXNativeTarget;
			buildConfigurationList = 23D4F25E1E5ECB3D006AA5B3 /* Build configuration list for PBXNativeTarget "MVVMDemon" */;
			buildPhases = (
				23D4F2551E5ECB3D006AA5B3 /* Sources */,
				23D4F2591E5ECB3D006AA5B3 /* Frameworks */,
				23D4F25A1E5ECB3D006AA5B3 /* Resources */,
			);
			buildRules = (
			);
			dependencies = (
			);
			name = MVVMDemon;
			productName = FrameworkDemon;
			productReference = 23D4F2611E5ECB3D006AA5B3 /* MVVMDemon.app */;
			productType = "com.apple.product-type.application";
		};
		23D4F2631E5ECB54006AA5B3 /* CDDDemon */ = {
			isa = PBXNativeTarget;
			buildConfigurationList = 23D4F26D1E5ECB54006AA5B3 /* Build configuration list for PBXNativeTarget "CDDDemon" */;
			buildPhases = (
				23D4F2641E5ECB54006AA5B3 /* Sources */,
				23D4F2681E5ECB54006AA5B3 /* Frameworks */,
				23D4F2691E5ECB54006AA5B3 /* Resources */,
			);
			buildRules = (
			);
			dependencies = (
			);
			name = CDDDemon;
			productName = FrameworkDemon;
			productReference = 23D4F2701E5ECB54006AA5B3 /* CDDDemon.app */;
			productType = "com.apple.product-type.application";
		};
/* End PBXNativeTarget section */

/* Begin PBXProject section */
		23D4F2051E5EC9AA006AA5B3 /* Project object */ = {
			isa = PBXProject;
			attributes = {
				LastUpgradeCheck = 0820;
				ORGANIZATIONNAME = zdsoft;
				TargetAttributes = {
					23D4F20C1E5EC9AA006AA5B3 = {
						CreatedOnToolsVersion = 8.2.1;
						ProvisioningStyle = Automatic;
					};
					23D4F2251E5EC9AB006AA5B3 = {
						CreatedOnToolsVersion = 8.2.1;
						ProvisioningStyle = Automatic;
						TestTargetID = 23D4F20C1E5EC9AA006AA5B3;
					};
					23D4F2301E5EC9AB006AA5B3 = {
						CreatedOnToolsVersion = 8.2.1;
						ProvisioningStyle = Automatic;
						TestTargetID = 23D4F20C1E5EC9AA006AA5B3;
					};
				};
			};
			buildConfigurationList = 23D4F2081E5EC9AA006AA5B3 /* Build configuration list for PBXProject "FrameworkDemon" */;
			compatibilityVersion = "Xcode 3.2";
			developmentRegion = English;
			hasScannedForEncodings = 0;
			knownRegions = (
				en,
				Base,
			);
			mainGroup = 23D4F2041E5EC9AA006AA5B3;
			productRefGroup = 23D4F20E1E5EC9AA006AA5B3 /* Products */;
			projectDirPath = "";
			projectRoot = "";
			targets = (
				23D4F20C1E5EC9AA006AA5B3 /* MVCDemon */,
				23D4F2431E5ECA6D006AA5B3 /* MVPDemon */,
				23D4F2541E5ECB3D006AA5B3 /* MVVMDemon */,
				23D4F2631E5ECB54006AA5B3 /* CDDDemon */,
				23368F5D1E7293440093FB46 /* VIPERDemon */,
				23D4F2251E5EC9AB006AA5B3 /* FrameworkDemonTests */,
				23D4F2301E5EC9AB006AA5B3 /* FrameworkDemonUITests */,
			);
		};
/* End PBXProject section */

/* Begin PBXResourcesBuildPhase section */
		23368F631E7293440093FB46 /* Resources */ = {
			isa = PBXResourcesBuildPhase;
			buildActionMask = 2147483647;
			files = (
				23368F641E7293440093FB46 /* LaunchScreen.storyboard in Resources */,
				23368F651E7293440093FB46 /* CDDDemonInfo.plist in Resources */,
				23368F661E7293440093FB46 /* Assets.xcassets in Resources */,
				23368F671E7293440093FB46 /* Main.storyboard in Resources */,
			);
			runOnlyForDeploymentPostprocessing = 0;
		};
		23D4F20B1E5EC9AA006AA5B3 /* Resources */ = {
			isa = PBXResourcesBuildPhase;
			buildActionMask = 2147483647;
			files = (
				238B07741E645046003CE590 /* MCVController.xib in Resources */,
				23D4F2721E5ECF00006AA5B3 /* Info.plist in Resources */,
				23D4F2201E5EC9AA006AA5B3 /* LaunchScreen.storyboard in Resources */,
				23D4F21D1E5EC9AA006AA5B3 /* Assets.xcassets in Resources */,
				23D4F21B1E5EC9AA006AA5B3 /* Main.storyboard in Resources */,
			);
			runOnlyForDeploymentPostprocessing = 0;
		};
		23D4F2241E5EC9AB006AA5B3 /* Resources */ = {
			isa = PBXResourcesBuildPhase;
			buildActionMask = 2147483647;
			files = (
			);
			runOnlyForDeploymentPostprocessing = 0;
		};
		23D4F22F1E5EC9AB006AA5B3 /* Resources */ = {
			isa = PBXResourcesBuildPhase;
			buildActionMask = 2147483647;
			files = (
			);
			runOnlyForDeploymentPostprocessing = 0;
		};
		23D4F2491E5ECA6D006AA5B3 /* Resources */ = {
			isa = PBXResourcesBuildPhase;
			buildActionMask = 2147483647;
			files = (
				23D4F24A1E5ECA6D006AA5B3 /* LaunchScreen.storyboard in Resources */,
				23D4F24B1E5ECA6D006AA5B3 /* Assets.xcassets in Resources */,
				23D4F2951E5ED2A5006AA5B3 /* MVPDemonInfo.plist in Resources */,
				23D4F24C1E5ECA6D006AA5B3 /* Main.storyboard in Resources */,
			);
			runOnlyForDeploymentPostprocessing = 0;
		};
		23D4F25A1E5ECB3D006AA5B3 /* Resources */ = {
			isa = PBXResourcesBuildPhase;
			buildActionMask = 2147483647;
			files = (
				23D4F25B1E5ECB3D006AA5B3 /* LaunchScreen.storyboard in Resources */,
				23D4F25C1E5ECB3D006AA5B3 /* Assets.xcassets in Resources */,
				23D4F2961E5ED2A9006AA5B3 /* MVVMDemonInfo.plist in Resources */,
				23D4F25D1E5ECB3D006AA5B3 /* Main.storyboard in Resources */,
			);
			runOnlyForDeploymentPostprocessing = 0;
		};
		23D4F2691E5ECB54006AA5B3 /* Resources */ = {
			isa = PBXResourcesBuildPhase;
			buildActionMask = 2147483647;
			files = (
				23D4F26A1E5ECB54006AA5B3 /* LaunchScreen.storyboard in Resources */,
				23D4F2971E5ED2AB006AA5B3 /* CDDDemonInfo.plist in Resources */,
				23D4F26B1E5ECB54006AA5B3 /* Assets.xcassets in Resources */,
				23D4F26C1E5ECB54006AA5B3 /* Main.storyboard in Resources */,
			);
			runOnlyForDeploymentPostprocessing = 0;
		};
/* End PBXResourcesBuildPhase section */

/* Begin PBXSourcesBuildPhase section */
		23368F5E1E7293440093FB46 /* Sources */ = {
			isa = PBXSourcesBuildPhase;
			buildActionMask = 2147483647;
			files = (
				23368F5F1E7293440093FB46 /* ViewController.m in Sources */,
				23368F601E7293440093FB46 /* main.m in Sources */,
				23368F611E7293440093FB46 /* AppDelegate.m in Sources */,
			);
			runOnlyForDeploymentPostprocessing = 0;
		};
		23D4F2091E5EC9AA006AA5B3 /* Sources */ = {
			isa = PBXSourcesBuildPhase;
			buildActionMask = 2147483647;
			files = (
				238B07731E645046003CE590 /* MCVController.m in Sources */,
				23D4F2871E5ECFF1006AA5B3 /* ViewController.m in Sources */,
				238B07771E645066003CE590 /* MVCModel.m in Sources */,
				23D4F2121E5EC9AA006AA5B3 /* main.m in Sources */,
				23D4F2881E5ECFF1006AA5B3 /* AppDelegate.m in Sources */,
			);
			runOnlyForDeploymentPostprocessing = 0;
		};
		23D4F2221E5EC9AB006AA5B3 /* Sources */ = {
			isa = PBXSourcesBuildPhase;
			buildActionMask = 2147483647;
			files = (
				23D4F22B1E5EC9AB006AA5B3 /* FrameworkDemonTests.m in Sources */,
			);
			runOnlyForDeploymentPostprocessing = 0;
		};
		23D4F22D1E5EC9AB006AA5B3 /* Sources */ = {
			isa = PBXSourcesBuildPhase;
			buildActionMask = 2147483647;
			files = (
				23D4F2361E5EC9AB006AA5B3 /* FrameworkDemonUITests.m in Sources */,
			);
			runOnlyForDeploymentPostprocessing = 0;
		};
		23D4F2441E5ECA6D006AA5B3 /* Sources */ = {
			isa = PBXSourcesBuildPhase;
			buildActionMask = 2147483647;
			files = (
				23D4F2891E5ED011006AA5B3 /* ViewController.m in Sources */,
				23D4F2471E5ECA6D006AA5B3 /* main.m in Sources */,
				23D4F28C1E5ED017006AA5B3 /* AppDelegate.m in Sources */,
			);
			runOnlyForDeploymentPostprocessing = 0;
		};
		23D4F2551E5ECB3D006AA5B3 /* Sources */ = {
			isa = PBXSourcesBuildPhase;
			buildActionMask = 2147483647;
			files = (
				23D4F28A1E5ED012006AA5B3 /* ViewController.m in Sources */,
				23D4F2581E5ECB3D006AA5B3 /* main.m in Sources */,
				23D4F28D1E5ED017006AA5B3 /* AppDelegate.m in Sources */,
			);
			runOnlyForDeploymentPostprocessing = 0;
		};
		23D4F2641E5ECB54006AA5B3 /* Sources */ = {
			isa = PBXSourcesBuildPhase;
			buildActionMask = 2147483647;
			files = (
				23D4F28B1E5ED012006AA5B3 /* ViewController.m in Sources */,
				23D4F2671E5ECB54006AA5B3 /* main.m in Sources */,
				23D4F28E1E5ED018006AA5B3 /* AppDelegate.m in Sources */,
			);
			runOnlyForDeploymentPostprocessing = 0;
		};
/* End PBXSourcesBuildPhase section */

/* Begin PBXTargetDependency section */
		23D4F2281E5EC9AB006AA5B3 /* PBXTargetDependency */ = {
			isa = PBXTargetDependency;
			target = 23D4F20C1E5EC9AA006AA5B3 /* MVCDemon */;
			targetProxy = 23D4F2271E5EC9AB006AA5B3 /* PBXContainerItemProxy */;
		};
		23D4F2331E5EC9AB006AA5B3 /* PBXTargetDependency */ = {
			isa = PBXTargetDependency;
			target = 23D4F20C1E5EC9AA006AA5B3 /* MVCDemon */;
			targetProxy = 23D4F2321E5EC9AB006AA5B3 /* PBXContainerItemProxy */;
		};
/* End PBXTargetDependency section */

/* Begin PBXVariantGroup section */
		23D4F2191E5EC9AA006AA5B3 /* Main.storyboard */ = {
			isa = PBXVariantGroup;
			children = (
				23D4F21A1E5EC9AA006AA5B3 /* Base */,
			);
			name = Main.storyboard;
			sourceTree = "<group>";
		};
		23D4F21E1E5EC9AA006AA5B3 /* LaunchScreen.storyboard */ = {
			isa = PBXVariantGroup;
			children = (
				23D4F21F1E5EC9AA006AA5B3 /* Base */,
			);
			name = LaunchScreen.storyboard;
			sourceTree = "<group>";
		};
/* End PBXVariantGroup section */

/* Begin XCBuildConfiguration section */
		23368F691E7293440093FB46 /* Debug */ = {
			isa = XCBuildConfiguration;
			buildSettings = {
				ASSETCATALOG_COMPILER_APPICON_NAME = AppIcon;
				GCC_PREPROCESSOR_DEFINITIONS = (
					"DEBUG=1",
					"$(inherited)",
					VIPERDemon,
				);
				INFOPLIST_FILE = "$(SRCROOT)/VIPERDemonInfo.plist";
				LD_RUNPATH_SEARCH_PATHS = "$(inherited) @executable_path/Frameworks";
				PRODUCT_BUNDLE_IDENTIFIER = com.Demon.FrameworkDemon;
				PRODUCT_NAME = "$(TARGET_NAME)";
			};
			name = Debug;
		};
		23368F6A1E7293440093FB46 /* Release */ = {
			isa = XCBuildConfiguration;
			buildSettings = {
				ASSETCATALOG_COMPILER_APPICON_NAME = AppIcon;
				GCC_PREPROCESSOR_DEFINITIONS = VIPERDemon;
				INFOPLIST_FILE = "$(SRCROOT)/VIPERDemonInfo.plist";
				LD_RUNPATH_SEARCH_PATHS = "$(inherited) @executable_path/Frameworks";
				PRODUCT_BUNDLE_IDENTIFIER = com.Demon.FrameworkDemon;
				PRODUCT_NAME = "$(TARGET_NAME)";
			};
			name = Release;
		};
		23D4F2381E5EC9AB006AA5B3 /* Debug */ = {
			isa = XCBuildConfiguration;
			buildSettings = {
				ALWAYS_SEARCH_USER_PATHS = NO;
				CLANG_ANALYZER_NONNULL = YES;
				CLANG_CXX_LANGUAGE_STANDARD = "gnu++0x";
				CLANG_CXX_LIBRARY = "libc++";
				CLANG_ENABLE_MODULES = YES;
				CLANG_ENABLE_OBJC_ARC = YES;
				CLANG_WARN_BOOL_CONVERSION = YES;
				CLANG_WARN_CONSTANT_CONVERSION = YES;
				CLANG_WARN_DIRECT_OBJC_ISA_USAGE = YES_ERROR;
				CLANG_WARN_DOCUMENTATION_COMMENTS = YES;
				CLANG_WARN_EMPTY_BODY = YES;
				CLANG_WARN_ENUM_CONVERSION = YES;
				CLANG_WARN_INFINITE_RECURSION = YES;
				CLANG_WARN_INT_CONVERSION = YES;
				CLANG_WARN_OBJC_ROOT_CLASS = YES_ERROR;
				CLANG_WARN_SUSPICIOUS_MOVE = YES;
				CLANG_WARN_UNREACHABLE_CODE = YES;
				CLANG_WARN__DUPLICATE_METHOD_MATCH = YES;
				"CODE_SIGN_IDENTITY[sdk=iphoneos*]" = "iPhone Developer";
				COPY_PHASE_STRIP = NO;
				DEBUG_INFORMATION_FORMAT = dwarf;
				ENABLE_STRICT_OBJC_MSGSEND = YES;
				ENABLE_TESTABILITY = YES;
				GCC_C_LANGUAGE_STANDARD = gnu99;
				GCC_DYNAMIC_NO_PIC = NO;
				GCC_NO_COMMON_BLOCKS = YES;
				GCC_OPTIMIZATION_LEVEL = 0;
				GCC_PREPROCESSOR_DEFINITIONS = (
					"DEBUG=1",
					"$(inherited)",
				);
				GCC_WARN_64_TO_32_BIT_CONVERSION = YES;
				GCC_WARN_ABOUT_RETURN_TYPE = YES_ERROR;
				GCC_WARN_UNDECLARED_SELECTOR = YES;
				GCC_WARN_UNINITIALIZED_AUTOS = YES_AGGRESSIVE;
				GCC_WARN_UNUSED_FUNCTION = YES;
				GCC_WARN_UNUSED_VARIABLE = YES;
				IPHONEOS_DEPLOYMENT_TARGET = 10.2;
				MTL_ENABLE_DEBUG_INFO = YES;
				ONLY_ACTIVE_ARCH = YES;
				SDKROOT = iphoneos;
			};
			name = Debug;
		};
		23D4F2391E5EC9AB006AA5B3 /* Release */ = {
			isa = XCBuildConfiguration;
			buildSettings = {
				ALWAYS_SEARCH_USER_PATHS = NO;
				CLANG_ANALYZER_NONNULL = YES;
				CLANG_CXX_LANGUAGE_STANDARD = "gnu++0x";
				CLANG_CXX_LIBRARY = "libc++";
				CLANG_ENABLE_MODULES = YES;
				CLANG_ENABLE_OBJC_ARC = YES;
				CLANG_WARN_BOOL_CONVERSION = YES;
				CLANG_WARN_CONSTANT_CONVERSION = YES;
				CLANG_WARN_DIRECT_OBJC_ISA_USAGE = YES_ERROR;
				CLANG_WARN_DOCUMENTATION_COMMENTS = YES;
				CLANG_WARN_EMPTY_BODY = YES;
				CLANG_WARN_ENUM_CONVERSION = YES;
				CLANG_WARN_INFINITE_RECURSION = YES;
				CLANG_WARN_INT_CONVERSION = YES;
				CLANG_WARN_OBJC_ROOT_CLASS = YES_ERROR;
				CLANG_WARN_SUSPICIOUS_MOVE = YES;
				CLANG_WARN_UNREACHABLE_CODE = YES;
				CLANG_WARN__DUPLICATE_METHOD_MATCH = YES;
				"CODE_SIGN_IDENTITY[sdk=iphoneos*]" = "iPhone Developer";
				COPY_PHASE_STRIP = NO;
				DEBUG_INFORMATION_FORMAT = "dwarf-with-dsym";
				ENABLE_NS_ASSERTIONS = NO;
				ENABLE_STRICT_OBJC_MSGSEND = YES;
				GCC_C_LANGUAGE_STANDARD = gnu99;
				GCC_NO_COMMON_BLOCKS = YES;
				GCC_WARN_64_TO_32_BIT_CONVERSION = YES;
				GCC_WARN_ABOUT_RETURN_TYPE = YES_ERROR;
				GCC_WARN_UNDECLARED_SELECTOR = YES;
				GCC_WARN_UNINITIALIZED_AUTOS = YES_AGGRESSIVE;
				GCC_WARN_UNUSED_FUNCTION = YES;
				GCC_WARN_UNUSED_VARIABLE = YES;
				IPHONEOS_DEPLOYMENT_TARGET = 10.2;
				MTL_ENABLE_DEBUG_INFO = NO;
				SDKROOT = iphoneos;
				VALIDATE_PRODUCT = YES;
			};
			name = Release;
		};
		23D4F23B1E5EC9AB006AA5B3 /* Debug */ = {
			isa = XCBuildConfiguration;
			buildSettings = {
				ASSETCATALOG_COMPILER_APPICON_NAME = AppIcon;
				GCC_PREPROCESSOR_DEFINITIONS = (
					"DEBUG=1",
					"$(inherited)",
					MVCDemon,
				);
				INFOPLIST_FILE = FrameworkDemon/Info.plist;
				LD_RUNPATH_SEARCH_PATHS = "$(inherited) @executable_path/Frameworks";
				PRODUCT_BUNDLE_IDENTIFIER = com.Demon.FrameworkDemon;
				PRODUCT_NAME = "$(TARGET_NAME)";
			};
			name = Debug;
		};
		23D4F23C1E5EC9AB006AA5B3 /* Release */ = {
			isa = XCBuildConfiguration;
			buildSettings = {
				ASSETCATALOG_COMPILER_APPICON_NAME = AppIcon;
				GCC_PREPROCESSOR_DEFINITIONS = MVCDemon;
				INFOPLIST_FILE = FrameworkDemon/Info.plist;
				LD_RUNPATH_SEARCH_PATHS = "$(inherited) @executable_path/Frameworks";
				PRODUCT_BUNDLE_IDENTIFIER = com.Demon.FrameworkDemon;
				PRODUCT_NAME = "$(TARGET_NAME)";
			};
			name = Release;
		};
		23D4F23E1E5EC9AB006AA5B3 /* Debug */ = {
			isa = XCBuildConfiguration;
			buildSettings = {
				BUNDLE_LOADER = "$(TEST_HOST)";
				INFOPLIST_FILE = FrameworkDemonTests/Info.plist;
				LD_RUNPATH_SEARCH_PATHS = "$(inherited) @executable_path/Frameworks @loader_path/Frameworks";
				PRODUCT_BUNDLE_IDENTIFIER = com.Demon.FrameworkDemonTests;
				PRODUCT_NAME = "$(TARGET_NAME)";
				TEST_HOST = "$(BUILT_PRODUCTS_DIR)/FrameworkDemon.app/FrameworkDemon";
			};
			name = Debug;
		};
		23D4F23F1E5EC9AB006AA5B3 /* Release */ = {
			isa = XCBuildConfiguration;
			buildSettings = {
				BUNDLE_LOADER = "$(TEST_HOST)";
				INFOPLIST_FILE = FrameworkDemonTests/Info.plist;
				LD_RUNPATH_SEARCH_PATHS = "$(inherited) @executable_path/Frameworks @loader_path/Frameworks";
				PRODUCT_BUNDLE_IDENTIFIER = com.Demon.FrameworkDemonTests;
				PRODUCT_NAME = "$(TARGET_NAME)";
				TEST_HOST = "$(BUILT_PRODUCTS_DIR)/FrameworkDemon.app/FrameworkDemon";
			};
			name = Release;
		};
		23D4F2411E5EC9AB006AA5B3 /* Debug */ = {
			isa = XCBuildConfiguration;
			buildSettings = {
				DEVELOPMENT_TEAM = "";
				INFOPLIST_FILE = FrameworkDemonUITests/Info.plist;
				LD_RUNPATH_SEARCH_PATHS = "$(inherited) @executable_path/Frameworks @loader_path/Frameworks";
				PRODUCT_BUNDLE_IDENTIFIER = com.Demon.FrameworkDemonUITests;
				PRODUCT_NAME = "$(TARGET_NAME)";
				TEST_TARGET_NAME = FrameworkDemon;
			};
			name = Debug;
		};
		23D4F2421E5EC9AB006AA5B3 /* Release */ = {
			isa = XCBuildConfiguration;
			buildSettings = {
				DEVELOPMENT_TEAM = "";
				INFOPLIST_FILE = FrameworkDemonUITests/Info.plist;
				LD_RUNPATH_SEARCH_PATHS = "$(inherited) @executable_path/Frameworks @loader_path/Frameworks";
				PRODUCT_BUNDLE_IDENTIFIER = com.Demon.FrameworkDemonUITests;
				PRODUCT_NAME = "$(TARGET_NAME)";
				TEST_TARGET_NAME = FrameworkDemon;
			};
			name = Release;
		};
		23D4F24E1E5ECA6D006AA5B3 /* Debug */ = {
			isa = XCBuildConfiguration;
			buildSettings = {
				ASSETCATALOG_COMPILER_APPICON_NAME = AppIcon;
				GCC_PREPROCESSOR_DEFINITIONS = (
					"DEBUG=1",
					MVPDemon,
				);
				INFOPLIST_FILE = FrameworkDemon/MVPDemonInfo.plist;
				LD_RUNPATH_SEARCH_PATHS = "$(inherited) @executable_path/Frameworks";
				PRODUCT_BUNDLE_IDENTIFIER = com.Demon.FrameworkDemon;
				PRODUCT_NAME = "$(TARGET_NAME)";
			};
			name = Debug;
		};
		23D4F24F1E5ECA6D006AA5B3 /* Release */ = {
			isa = XCBuildConfiguration;
			buildSettings = {
				ASSETCATALOG_COMPILER_APPICON_NAME = AppIcon;
				GCC_PREPROCESSOR_DEFINITIONS = MVPDemon;
				INFOPLIST_FILE = FrameworkDemon/MVPDemonInfo.plist;
				LD_RUNPATH_SEARCH_PATHS = "$(inherited) @executable_path/Frameworks";
				PRODUCT_BUNDLE_IDENTIFIER = com.Demon.FrameworkDemon;
				PRODUCT_NAME = "$(TARGET_NAME)";
			};
			name = Release;
		};
		23D4F25F1E5ECB3D006AA5B3 /* Debug */ = {
			isa = XCBuildConfiguration;
			buildSettings = {
				ASSETCATALOG_COMPILER_APPICON_NAME = AppIcon;
				GCC_PREPROCESSOR_DEFINITIONS = (
					"DEBUG=1",
					"$(inherited)",
					MVVMDemon,
				);
				INFOPLIST_FILE = FrameworkDemon/MVVMDemonInfo.plist;
				LD_RUNPATH_SEARCH_PATHS = "$(inherited) @executable_path/Frameworks";
				PRODUCT_BUNDLE_IDENTIFIER = com.Demon.FrameworkDemon;
				PRODUCT_NAME = "$(TARGET_NAME)";
			};
			name = Debug;
		};
		23D4F2601E5ECB3D006AA5B3 /* Release */ = {
			isa = XCBuildConfiguration;
			buildSettings = {
				ASSETCATALOG_COMPILER_APPICON_NAME = AppIcon;
				GCC_PREPROCESSOR_DEFINITIONS = MVVMDemon;
				INFOPLIST_FILE = FrameworkDemon/MVVMDemonInfo.plist;
				LD_RUNPATH_SEARCH_PATHS = "$(inherited) @executable_path/Frameworks";
				PRODUCT_BUNDLE_IDENTIFIER = com.Demon.FrameworkDemon;
				PRODUCT_NAME = "$(TARGET_NAME)";
			};
			name = Release;
		};
		23D4F26E1E5ECB54006AA5B3 /* Debug */ = {
			isa = XCBuildConfiguration;
			buildSettings = {
				ASSETCATALOG_COMPILER_APPICON_NAME = AppIcon;
				GCC_PREPROCESSOR_DEFINITIONS = (
					"DEBUG=1",
					"$(inherited)",
					CDDDemon,
				);
				INFOPLIST_FILE = FrameworkDemon/CDDDemonInfo.plist;
				LD_RUNPATH_SEARCH_PATHS = "$(inherited) @executable_path/Frameworks";
				PRODUCT_BUNDLE_IDENTIFIER = com.Demon.FrameworkDemon;
				PRODUCT_NAME = "$(TARGET_NAME)";
			};
			name = Debug;
		};
		23D4F26F1E5ECB54006AA5B3 /* Release */ = {
			isa = XCBuildConfiguration;
			buildSettings = {
				ASSETCATALOG_COMPILER_APPICON_NAME = AppIcon;
				GCC_PREPROCESSOR_DEFINITIONS = CFFDemon;
				INFOPLIST_FILE = FrameworkDemon/CDDDemonInfo.plist;
				LD_RUNPATH_SEARCH_PATHS = "$(inherited) @executable_path/Frameworks";
				PRODUCT_BUNDLE_IDENTIFIER = com.Demon.FrameworkDemon;
				PRODUCT_NAME = "$(TARGET_NAME)";
			};
			name = Release;
		};
/* End XCBuildConfiguration section */

/* Begin XCConfigurationList section */
		23368F681E7293440093FB46 /* Build configuration list for PBXNativeTarget "VIPERDemon" */ = {
			isa = XCConfigurationList;
			buildConfigurations = (
				23368F691E7293440093FB46 /* Debug */,
				23368F6A1E7293440093FB46 /* Release */,
			);
			defaultConfigurationIsVisible = 0;
			defaultConfigurationName = Release;
		};
		23D4F2081E5EC9AA006AA5B3 /* Build configuration list for PBXProject "FrameworkDemon" */ = {
			isa = XCConfigurationList;
			buildConfigurations = (
				23D4F2381E5EC9AB006AA5B3 /* Debug */,
				23D4F2391E5EC9AB006AA5B3 /* Release */,
			);
			defaultConfigurationIsVisible = 0;
			defaultConfigurationName = Release;
		};
		23D4F23A1E5EC9AB006AA5B3 /* Build configuration list for PBXNativeTarget "MVCDemon" */ = {
			isa = XCConfigurationList;
			buildConfigurations = (
				23D4F23B1E5EC9AB006AA5B3 /* Debug */,
				23D4F23C1E5EC9AB006AA5B3 /* Release */,
			);
			defaultConfigurationIsVisible = 0;
			defaultConfigurationName = Release;
		};
		23D4F23D1E5EC9AB006AA5B3 /* Build configuration list for PBXNativeTarget "FrameworkDemonTests" */ = {
			isa = XCConfigurationList;
			buildConfigurations = (
				23D4F23E1E5EC9AB006AA5B3 /* Debug */,
				23D4F23F1E5EC9AB006AA5B3 /* Release */,
			);
			defaultConfigurationIsVisible = 0;
			defaultConfigurationName = Release;
		};
		23D4F2401E5EC9AB006AA5B3 /* Build configuration list for PBXNativeTarget "FrameworkDemonUITests" */ = {
			isa = XCConfigurationList;
			buildConfigurations = (
				23D4F2411E5EC9AB006AA5B3 /* Debug */,
				23D4F2421E5EC9AB006AA5B3 /* Release */,
			);
			defaultConfigurationIsVisible = 0;
			defaultConfigurationName = Release;
		};
		23D4F24D1E5ECA6D006AA5B3 /* Build configuration list for PBXNativeTarget "MVPDemon" */ = {
			isa = XCConfigurationList;
			buildConfigurations = (
				23D4F24E1E5ECA6D006AA5B3 /* Debug */,
				23D4F24F1E5ECA6D006AA5B3 /* Release */,
			);
			defaultConfigurationIsVisible = 0;
			defaultConfigurationName = Release;
		};
		23D4F25E1E5ECB3D006AA5B3 /* Build configuration list for PBXNativeTarget "MVVMDemon" */ = {
			isa = XCConfigurationList;
			buildConfigurations = (
				23D4F25F1E5ECB3D006AA5B3 /* Debug */,
				23D4F2601E5ECB3D006AA5B3 /* Release */,
			);
			defaultConfigurationIsVisible = 0;
			defaultConfigurationName = Release;
		};
		23D4F26D1E5ECB54006AA5B3 /* Build configuration list for PBXNativeTarget "CDDDemon" */ = {
			isa = XCConfigurationList;
			buildConfigurations = (
				23D4F26E1E5ECB54006AA5B3 /* Debug */,
				23D4F26F1E5ECB54006AA5B3 /* Release */,
			);
			defaultConfigurationIsVisible = 0;
			defaultConfigurationName = Release;
		};
/* End XCConfigurationList section */
	};
	rootObject = 23D4F2051E5EC9AA006AA5B3 /* Project object */;
}
