// !$*UTF8*$!
{
	archiveVersion = 1;
	classes = {
	};
	objectVersion = 46;
	objects = {

/* Begin PBXBuildFile section */
		23D4F2121E5EC9AA006AA5B3 /* main.m in Sources */ = {isa = PBXBuildFile; fileRef = 23D4F2111E5EC9AA006AA5B3 /* main.m */; };
		23D4F2151E5EC9AA006AA5B3 /* AppDelegate.m in Sources */ = {isa = PBXBuildFile; fileRef = 23D4F2141E5EC9AA006AA5B3 /* AppDelegate.m */; };
		23D4F2181E5EC9AA006AA5B3 /* ViewController.m in Sources */ = {isa = PBXBuildFile; fileRef = 23D4F2171E5EC9AA006AA5B3 /* ViewController.m */; };
		23D4F21B1E5EC9AA006AA5B3 /* Main.storyboard in Resources */ = {isa = PBXBuildFile; fileRef = 23D4F2191E5EC9AA006AA5B3 /* Main.storyboard */; };
		23D4F21D1E5EC9AA006AA5B3 /* Assets.xcassets in Resources */ = {isa = PBXBuildFile; fileRef = 23D4F21C1E5EC9AA006AA5B3 /* Assets.xcassets */; };
		23D4F2201E5EC9AA006AA5B3 /* LaunchScreen.storyboard in Resources */ = {isa = PBXBuildFile; fileRef = 23D4F21E1E5EC9AA006AA5B3 /* LaunchScreen.storyboard */; };
		23D4F22B1E5EC9AB006AA5B3 /* FrameworkDemonTests.m in Sources */ = {isa = PBXBuildFile; fileRef = 23D4F22A1E5EC9AB006AA5B3 /* FrameworkDemonTests.m */; };
		23D4F2361E5EC9AB006AA5B3 /* FrameworkDemonUITests.m in Sources */ = {isa = PBXBuildFile; fileRef = 23D4F2351E5EC9AB006AA5B3 /* FrameworkDemonUITests.m */; };
/* End PBXBuildFile section */

/* Begin PBXContainerItemProxy section */
		23D4F2271E5EC9AB006AA5B3 /* PBXContainerItemProxy */ = {
			isa = PBXContainerItemProxy;
			containerPortal = 23D4F2051E5EC9AA006AA5B3 /* Project object */;
			proxyType = 1;
			remoteGlobalIDString = 23D4F20C1E5EC9AA006AA5B3;
			remoteInfo = FrameworkDemon;
		};
		23D4F2321E5EC9AB006AA5B3 /* PBXContainerItemProxy */ = {
			isa = PBXContainerItemProxy;
			containerPortal = 23D4F2051E5EC9AA006AA5B3 /* Project object */;
			proxyType = 1;
			remoteGlobalIDString = 23D4F20C1E5EC9AA006AA5B3;
			remoteInfo = FrameworkDemon;
		};
/* End PBXContainerItemProxy section */

/* Begin PBXFileReference section */
		23D4F20D1E5EC9AA006AA5B3 /* FrameworkDemon.app */ = {isa = PBXFileReference; explicitFileType = wrapper.application; includeInIndex = 0; path = FrameworkDemon.app; sourceTree = BUILT_PRODUCTS_DIR; };
		23D4F2111E5EC9AA006AA5B3 /* main.m */ = {isa = PBXFileReference; lastKnownFileType = sourcecode.c.objc; path = main.m; sourceTree = "<group>"; };
		23D4F2131E5EC9AA006AA5B3 /* AppDelegate.h */ = {isa = PBXFileReference; lastKnownFileType = sourcecode.c.h; path = AppDelegate.h; sourceTree = "<group>"; };
		23D4F2141E5EC9AA006AA5B3 /* AppDelegate.m */ = {isa = PBXFileReference; lastKnownFileType = sourcecode.c.objc; path = AppDelegate.m; sourceTree = "<group>"; };
		23D4F2161E5EC9AA006AA5B3 /* ViewController.h */ = {isa = PBXFileReference; lastKnownFileType = sourcecode.c.h; path = ViewController.h; sourceTree = "<group>"; };
		23D4F2171E5EC9AA006AA5B3 /* ViewController.m */ = {isa = PBXFileReference; lastKnownFileType = sourcecode.c.objc; path = ViewController.m; sourceTree = "<group>"; };
		23D4F21A1E5EC9AA006AA5B3 /* Base */ = {isa = PBXFileReference; lastKnownFileType = file.storyboard; name = Base; path = Base.lproj/Main.storyboard; sourceTree = "<group>"; };
		23D4F21C1E5EC9AA006AA5B3 /* Assets.xcassets */ = {isa = PBXFileReference; lastKnownFileType = folder.assetcatalog; path = Assets.xcassets; sourceTree = "<group>"; };
		23D4F21F1E5EC9AA006AA5B3 /* Base */ = {isa = PBXFileReference; lastKnownFileType = file.storyboard; name = Base; path = Base.lproj/LaunchScreen.storyboard; sourceTree = "<group>"; };
		23D4F2211E5EC9AA006AA5B3 /* Info.plist */ = {isa = PBXFileReference; lastKnownFileType = text.plist.xml; path = Info.plist; sourceTree = "<group>"; };
		23D4F2261E5EC9AB006AA5B3 /* FrameworkDemonTests.xctest */ = {isa = PBXFileReference; explicitFileType = wrapper.cfbundle; includeInIndex = 0; path = FrameworkDemonTests.xctest; sourceTree = BUILT_PRODUCTS_DIR; };
		23D4F22A1E5EC9AB006AA5B3 /* FrameworkDemonTests.m */ = {isa = PBXFileReference; lastKnownFileType = sourcecode.c.objc; path = FrameworkDemonTests.m; sourceTree = "<group>"; };
		23D4F22C1E5EC9AB006AA5B3 /* Info.plist */ = {isa = PBXFileReference; lastKnownFileType = text.plist.xml; path = Info.plist; sourceTree = "<group>"; };
		23D4F2311E5EC9AB006AA5B3 /* FrameworkDemonUITests.xctest */ = {isa = PBXFileReference; explicitFileType = wrapper.cfbundle; includeInIndex = 0; path = FrameworkDemonUITests.xctest; sourceTree = BUILT_PRODUCTS_DIR; };
		23D4F2351E5EC9AB006AA5B3 /* FrameworkDemonUITests.m */ = {isa = PBXFileReference; lastKnownFileType = sourcecode.c.objc; path = FrameworkDemonUITests.m; sourceTree = "<group>"; };
		23D4F2371E5EC9AB006AA5B3 /* Info.plist */ = {isa = PBXFileReference; lastKnownFileType = text.plist.xml; path = Info.plist; sourceTree = "<group>"; };
/* End PBXFileReference section */

/* Begin PBXFrameworksBuildPhase section */
		23D4F20A1E5EC9AA006AA5B3 /* Frameworks */ = {
			isa = PBXFrameworksBuildPhase;
			buildActionMask = 2147483647;
			files = (
			);
			runOnlyForDeploymentPostprocessing = 0;
		};
		23D4F2231E5EC9AB006AA5B3 /* Frameworks */ = {
			isa = PBXFrameworksBuildPhase;
			buildActionMask = 2147483647;
			files = (
			);
			runOnlyForDeploymentPostprocessing = 0;
		};
		23D4F22E1E5EC9AB006AA5B3 /* Frameworks */ = {
			isa = PBXFrameworksBuildPhase;
			buildActionMask = 2147483647;
			files = (
			);
			runOnlyForDeploymentPostprocessing = 0;
		};
/* End PBXFrameworksBuildPhase section */

/* Begin PBXGroup section */
		23D4F2041E5EC9AA006AA5B3 = {
			isa = PBXGroup;
			children = (
				23D4F20F1E5EC9AA006AA5B3 /* FrameworkDemon */,
				23D4F2291E5EC9AB006AA5B3 /* FrameworkDemonTests */,
				23D4F2341E5EC9AB006AA5B3 /* FrameworkDemonUITests */,
				23D4F20E1E5EC9AA006AA5B3 /* Products */,
			);
			sourceTree = "<group>";
		};
		23D4F20E1E5EC9AA006AA5B3 /* Products */ = {
			isa = PBXGroup;
			children = (
				23D4F20D1E5EC9AA006AA5B3 /* FrameworkDemon.app */,
				23D4F2261E5EC9AB006AA5B3 /* FrameworkDemonTests.xctest */,
				23D4F2311E5EC9AB006AA5B3 /* FrameworkDemonUITests.xctest */,
			);
			name = Products;
			sourceTree = "<group>";
		};
		23D4F20F1E5EC9AA006AA5B3 /* FrameworkDemon */ = {
			isa = PBXGroup;
			children = (
				23D4F2131E5EC9AA006AA5B3 /* AppDelegate.h */,
				23D4F2141E5EC9AA006AA5B3 /* AppDelegate.m */,
				23D4F2161E5EC9AA006AA5B3 /* ViewController.h */,
				23D4F2171E5EC9AA006AA5B3 /* ViewController.m */,
				23D4F2191E5EC9AA006AA5B3 /* Main.storyboard */,
				23D4F21C1E5EC9AA006AA5B3 /* Assets.xcassets */,
				23D4F21E1E5EC9AA006AA5B3 /* LaunchScreen.storyboard */,
				23D4F2211E5EC9AA006AA5B3 /* Info.plist */,
				23D4F2101E5EC9AA006AA5B3 /* Supporting Files */,
			);
			path = FrameworkDemon;
			sourceTree = "<group>";
		};
		23D4F2101E5EC9AA006AA5B3 /* Supporting Files */ = {
			isa = PBXGroup;
			children = (
				23D4F2111E5EC9AA006AA5B3 /* main.m */,
			);
			name = "Supporting Files";
			sourceTree = "<group>";
		};
		23D4F2291E5EC9AB006AA5B3 /* FrameworkDemonTests */ = {
			isa = PBXGroup;
			children = (
				23D4F22A1E5EC9AB006AA5B3 /* FrameworkDemonTests.m */,
				23D4F22C1E5EC9AB006AA5B3 /* Info.plist */,
			);
			path = FrameworkDemonTests;
			sourceTree = "<group>";
		};
		23D4F2341E5EC9AB006AA5B3 /* FrameworkDemonUITests */ = {
			isa = PBXGroup;
			children = (
				23D4F2351E5EC9AB006AA5B3 /* FrameworkDemonUITests.m */,
				23D4F2371E5EC9AB006AA5B3 /* Info.plist */,
			);
			path = FrameworkDemonUITests;
			sourceTree = "<group>";
		};
/* End PBXGroup section */

/* Begin PBXNativeTarget section */
		23D4F20C1E5EC9AA006AA5B3 /* FrameworkDemon */ = {
			isa = PBXNativeTarget;
			buildConfigurationList = 23D4F23A1E5EC9AB006AA5B3 /* Build configuration list for PBXNativeTarget "FrameworkDemon" */;
			buildPhases = (
				23D4F2091E5EC9AA006AA5B3 /* Sources */,
				23D4F20A1E5EC9AA006AA5B3 /* Frameworks */,
				23D4F20B1E5EC9AA006AA5B3 /* Resources */,
			);
			buildRules = (
			);
			dependencies = (
			);
			name = FrameworkDemon;
			productName = FrameworkDemon;
			productReference = 23D4F20D1E5EC9AA006AA5B3 /* FrameworkDemon.app */;
			productType = "com.apple.product-type.application";
		};
		23D4F2251E5EC9AB006AA5B3 /* FrameworkDemonTests */ = {
			isa = PBXNativeTarget;
			buildConfigurationList = 23D4F23D1E5EC9AB006AA5B3 /* Build configuration list for PBXNativeTarget "FrameworkDemonTests" */;
			buildPhases = (
				23D4F2221E5EC9AB006AA5B3 /* Sources */,
				23D4F2231E5EC9AB006AA5B3 /* Frameworks */,
				23D4F2241E5EC9AB006AA5B3 /* Resources */,
			);
			buildRules = (
			);
			dependencies = (
				23D4F2281E5EC9AB006AA5B3 /* PBXTargetDependency */,
			);
			name = FrameworkDemonTests;
			productName = FrameworkDemonTests;
			productReference = 23D4F2261E5EC9AB006AA5B3 /* FrameworkDemonTests.xctest */;
			productType = "com.apple.product-type.bundle.unit-test";
		};
		23D4F2301E5EC9AB006AA5B3 /* FrameworkDemonUITests */ = {
			isa = PBXNativeTarget;
			buildConfigurationList = 23D4F2401E5EC9AB006AA5B3 /* Build configuration list for PBXNativeTarget "FrameworkDemonUITests" */;
			buildPhases = (
				23D4F22D1E5EC9AB006AA5B3 /* Sources */,
				23D4F22E1E5EC9AB006AA5B3 /* Frameworks */,
				23D4F22F1E5EC9AB006AA5B3 /* Resources */,
			);
			buildRules = (
			);
			dependencies = (
				23D4F2331E5EC9AB006AA5B3 /* PBXTargetDependency */,
			);
			name = FrameworkDemonUITests;
			productName = FrameworkDemonUITests;
			productReference = 23D4F2311E5EC9AB006AA5B3 /* FrameworkDemonUITests.xctest */;
			productType = "com.apple.product-type.bundle.ui-testing";
		};
/* End PBXNativeTarget section */

/* Begin PBXProject section */
		23D4F2051E5EC9AA006AA5B3 /* Project object */ = {
			isa = PBXProject;
			attributes = {
				LastUpgradeCheck = 0820;
				ORGANIZATIONNAME = zdsoft;
				TargetAttributes = {
					23D4F20C1E5EC9AA006AA5B3 = {
						CreatedOnToolsVersion = 8.2.1;
						ProvisioningStyle = Automatic;
					};
					23D4F2251E5EC9AB006AA5B3 = {
						CreatedOnToolsVersion = 8.2.1;
						ProvisioningStyle = Automatic;
						TestTargetID = 23D4F20C1E5EC9AA006AA5B3;
					};
					23D4F2301E5EC9AB006AA5B3 = {
						CreatedOnToolsVersion = 8.2.1;
						ProvisioningStyle = Automatic;
						TestTargetID = 23D4F20C1E5EC9AA006AA5B3;
					};
				};
			};
			buildConfigurationList = 23D4F2081E5EC9AA006AA5B3 /* Build configuration list for PBXProject "FrameworkDemon" */;
			compatibilityVersion = "Xcode 3.2";
			developmentRegion = English;
			hasScannedForEncodings = 0;
			knownRegions = (
				en,
				Base,
			);
			mainGroup = 23D4F2041E5EC9AA006AA5B3;
			productRefGroup = 23D4F20E1E5EC9AA006AA5B3 /* Products */;
			projectDirPath = "";
			projectRoot = "";
			targets = (
				23D4F20C1E5EC9AA006AA5B3 /* FrameworkDemon */,
				23D4F2251E5EC9AB006AA5B3 /* FrameworkDemonTests */,
				23D4F2301E5EC9AB006AA5B3 /* FrameworkDemonUITests */,
			);
		};
/* End PBXProject section */

/* Begin PBXResourcesBuildPhase section */
		23D4F20B1E5EC9AA006AA5B3 /* Resources */ = {
			isa = PBXResourcesBuildPhase;
			buildActionMask = 2147483647;
			files = (
				23D4F2201E5EC9AA006AA5B3 /* LaunchScreen.storyboard in Resources */,
				23D4F21D1E5EC9AA006AA5B3 /* Assets.xcassets in Resources */,
				23D4F21B1E5EC9AA006AA5B3 /* Main.storyboard in Resources */,
			);
			runOnlyForDeploymentPostprocessing = 0;
		};
		23D4F2241E5EC9AB006AA5B3 /* Resources */ = {
			isa = PBXResourcesBuildPhase;
			buildActionMask = 2147483647;
			files = (
			);
			runOnlyForDeploymentPostprocessing = 0;
		};
		23D4F22F1E5EC9AB006AA5B3 /* Resources */ = {
			isa = PBXResourcesBuildPhase;
			buildActionMask = 2147483647;
			files = (
			);
			runOnlyForDeploymentPostprocessing = 0;
		};
/* End PBXResourcesBuildPhase section */

/* Begin PBXSourcesBuildPhase section */
		23D4F2091E5EC9AA006AA5B3 /* Sources */ = {
			isa = PBXSourcesBuildPhase;
			buildActionMask = 2147483647;
			files = (
				23D4F2181E5EC9AA006AA5B3 /* ViewController.m in Sources */,
				23D4F2151E5EC9AA006AA5B3 /* AppDelegate.m in Sources */,
				23D4F2121E5EC9AA006AA5B3 /* main.m in Sources */,
			);
			runOnlyForDeploymentPostprocessing = 0;
		};
		23D4F2221E5EC9AB006AA5B3 /* Sources */ = {
			isa = PBXSourcesBuildPhase;
			buildActionMask = 2147483647;
			files = (
				23D4F22B1E5EC9AB006AA5B3 /* FrameworkDemonTests.m in Sources */,
			);
			runOnlyForDeploymentPostprocessing = 0;
		};
		23D4F22D1E5EC9AB006AA5B3 /* Sources */ = {
			isa = PBXSourcesBuildPhase;
			buildActionMask = 2147483647;
			files = (
				23D4F2361E5EC9AB006AA5B3 /* FrameworkDemonUITests.m in Sources */,
			);
			runOnlyForDeploymentPostprocessing = 0;
		};
/* End PBXSourcesBuildPhase section */

/* Begin PBXTargetDependency section */
		23D4F2281E5EC9AB006AA5B3 /* PBXTargetDependency */ = {
			isa = PBXTargetDependency;
			target = 23D4F20C1E5EC9AA006AA5B3 /* FrameworkDemon */;
			targetProxy = 23D4F2271E5EC9AB006AA5B3 /* PBXContainerItemProxy */;
		};
		23D4F2331E5EC9AB006AA5B3 /* PBXTargetDependency */ = {
			isa = PBXTargetDependency;
			target = 23D4F20C1E5EC9AA006AA5B3 /* FrameworkDemon */;
			targetProxy = 23D4F2321E5EC9AB006AA5B3 /* PBXContainerItemProxy */;
		};
/* End PBXTargetDependency section */

/* Begin PBXVariantGroup section */
		23D4F2191E5EC9AA006AA5B3 /* Main.storyboard */ = {
			isa = PBXVariantGroup;
			children = (
				23D4F21A1E5EC9AA006AA5B3 /* Base */,
			);
			name = Main.storyboard;
			sourceTree = "<group>";
		};
		23D4F21E1E5EC9AA006AA5B3 /* LaunchScreen.storyboard */ = {
			isa = PBXVariantGroup;
			children = (
				23D4F21F1E5EC9AA006AA5B3 /* Base */,
			);
			name = LaunchScreen.storyboard;
			sourceTree = "<group>";
		};
/* End PBXVariantGroup section */

/* Begin XCBuildConfiguration section */
		23D4F2381E5EC9AB006AA5B3 /* Debug */ = {
			isa = XCBuildConfiguration;
			buildSettings = {
				ALWAYS_SEARCH_USER_PATHS = NO;
				CLANG_ANALYZER_NONNULL = YES;
				CLANG_CXX_LANGUAGE_STANDARD = "gnu++0x";
				CLANG_CXX_LIBRARY = "libc++";
				CLANG_ENABLE_MODULES = YES;
				CLANG_ENABLE_OBJC_ARC = YES;
				CLANG_WARN_BOOL_CONVERSION = YES;
				CLANG_WARN_CONSTANT_CONVERSION = YES;
				CLANG_WARN_DIRECT_OBJC_ISA_USAGE = YES_ERROR;
				CLANG_WARN_DOCUMENTATION_COMMENTS = YES;
				CLANG_WARN_EMPTY_BODY = YES;
				CLANG_WARN_ENUM_CONVERSION = YES;
				CLANG_WARN_INFINITE_RECURSION = YES;
				CLANG_WARN_INT_CONVERSION = YES;
				CLANG_WARN_OBJC_ROOT_CLASS = YES_ERROR;
				CLANG_WARN_SUSPICIOUS_MOVE = YES;
				CLANG_WARN_UNREACHABLE_CODE = YES;
				CLANG_WARN__DUPLICATE_METHOD_MATCH = YES;
				"CODE_SIGN_IDENTITY[sdk=iphoneos*]" = "iPhone Developer";
				COPY_PHASE_STRIP = NO;
				DEBUG_INFORMATION_FORMAT = dwarf;
				ENABLE_STRICT_OBJC_MSGSEND = YES;
				ENABLE_TESTABILITY = YES;
				GCC_C_LANGUAGE_STANDARD = gnu99;
				GCC_DYNAMIC_NO_PIC = NO;
				GCC_NO_COMMON_BLOCKS = YES;
				GCC_OPTIMIZATION_LEVEL = 0;
				GCC_PREPROCESSOR_DEFINITIONS = (
					"DEBUG=1",
					"$(inherited)",
				);
				GCC_WARN_64_TO_32_BIT_CONVERSION = YES;
				GCC_WARN_ABOUT_RETURN_TYPE = YES_ERROR;
				GCC_WARN_UNDECLARED_SELECTOR = YES;
				GCC_WARN_UNINITIALIZED_AUTOS = YES_AGGRESSIVE;
				GCC_WARN_UNUSED_FUNCTION = YES;
				GCC_WARN_UNUSED_VARIABLE = YES;
				IPHONEOS_DEPLOYMENT_TARGET = 10.2;
				MTL_ENABLE_DEBUG_INFO = YES;
				ONLY_ACTIVE_ARCH = YES;
				SDKROOT = iphoneos;
			};
			name = Debug;
		};
		23D4F2391E5EC9AB006AA5B3 /* Release */ = {
			isa = XCBuildConfiguration;
			buildSettings = {
				ALWAYS_SEARCH_USER_PATHS = NO;
				CLANG_ANALYZER_NONNULL = YES;
				CLANG_CXX_LANGUAGE_STANDARD = "gnu++0x";
				CLANG_CXX_LIBRARY = "libc++";
				CLANG_ENABLE_MODULES = YES;
				CLANG_ENABLE_OBJC_ARC = YES;
				CLANG_WARN_BOOL_CONVERSION = YES;
				CLANG_WARN_CONSTANT_CONVERSION = YES;
				CLANG_WARN_DIRECT_OBJC_ISA_USAGE = YES_ERROR;
				CLANG_WARN_DOCUMENTATION_COMMENTS = YES;
				CLANG_WARN_EMPTY_BODY = YES;
				CLANG_WARN_ENUM_CONVERSION = YES;
				CLANG_WARN_INFINITE_RECURSION = YES;
				CLANG_WARN_INT_CONVERSION = YES;
				CLANG_WARN_OBJC_ROOT_CLASS = YES_ERROR;
				CLANG_WARN_SUSPICIOUS_MOVE = YES;
				CLANG_WARN_UNREACHABLE_CODE = YES;
				CLANG_WARN__DUPLICATE_METHOD_MATCH = YES;
				"CODE_SIGN_IDENTITY[sdk=iphoneos*]" = "iPhone Developer";
				COPY_PHASE_STRIP = NO;
				DEBUG_INFORMATION_FORMAT = "dwarf-with-dsym";
				ENABLE_NS_ASSERTIONS = NO;
				ENABLE_STRICT_OBJC_MSGSEND = YES;
				GCC_C_LANGUAGE_STANDARD = gnu99;
				GCC_NO_COMMON_BLOCKS = YES;
				GCC_WARN_64_TO_32_BIT_CONVERSION = YES;
				GCC_WARN_ABOUT_RETURN_TYPE = YES_ERROR;
				GCC_WARN_UNDECLARED_SELECTOR = YES;
				GCC_WARN_UNINITIALIZED_AUTOS = YES_AGGRESSIVE;
				GCC_WARN_UNUSED_FUNCTION = YES;
				GCC_WARN_UNUSED_VARIABLE = YES;
				IPHONEOS_DEPLOYMENT_TARGET = 10.2;
				MTL_ENABLE_DEBUG_INFO = NO;
				SDKROOT = iphoneos;
				VALIDATE_PRODUCT = YES;
			};
			name = Release;
		};
		23D4F23B1E5EC9AB006AA5B3 /* Debug */ = {
			isa = XCBuildConfiguration;
			buildSettings = {
				ASSETCATALOG_COMPILER_APPICON_NAME = AppIcon;
				INFOPLIST_FILE = FrameworkDemon/Info.plist;
				LD_RUNPATH_SEARCH_PATHS = "$(inherited) @executable_path/Frameworks";
				PRODUCT_BUNDLE_IDENTIFIER = com.Demon.FrameworkDemon;
				PRODUCT_NAME = "$(TARGET_NAME)";
			};
			name = Debug;
		};
		23D4F23C1E5EC9AB006AA5B3 /* Release */ = {
			isa = XCBuildConfiguration;
			buildSettings = {
				ASSETCATALOG_COMPILER_APPICON_NAME = AppIcon;
				INFOPLIST_FILE = FrameworkDemon/Info.plist;
				LD_RUNPATH_SEARCH_PATHS = "$(inherited) @executable_path/Frameworks";
				PRODUCT_BUNDLE_IDENTIFIER = com.Demon.FrameworkDemon;
				PRODUCT_NAME = "$(TARGET_NAME)";
			};
			name = Release;
		};
		23D4F23E1E5EC9AB006AA5B3 /* Debug */ = {
			isa = XCBuildConfiguration;
			buildSettings = {
				BUNDLE_LOADER = "$(TEST_HOST)";
				INFOPLIST_FILE = FrameworkDemonTests/Info.plist;
				LD_RUNPATH_SEARCH_PATHS = "$(inherited) @executable_path/Frameworks @loader_path/Frameworks";
				PRODUCT_BUNDLE_IDENTIFIER = com.Demon.FrameworkDemonTests;
				PRODUCT_NAME = "$(TARGET_NAME)";
				TEST_HOST = "$(BUILT_PRODUCTS_DIR)/FrameworkDemon.app/FrameworkDemon";
			};
			name = Debug;
		};
		23D4F23F1E5EC9AB006AA5B3 /* Release */ = {
			isa = XCBuildConfiguration;
			buildSettings = {
				BUNDLE_LOADER = "$(TEST_HOST)";
				INFOPLIST_FILE = FrameworkDemonTests/Info.plist;
				LD_RUNPATH_SEARCH_PATHS = "$(inherited) @executable_path/Frameworks @loader_path/Frameworks";
				PRODUCT_BUNDLE_IDENTIFIER = com.Demon.FrameworkDemonTests;
				PRODUCT_NAME = "$(TARGET_NAME)";
				TEST_HOST = "$(BUILT_PRODUCTS_DIR)/FrameworkDemon.app/FrameworkDemon";
			};
			name = Release;
		};
		23D4F2411E5EC9AB006AA5B3 /* Debug */ = {
			isa = XCBuildConfiguration;
			buildSettings = {
				INFOPLIST_FILE = FrameworkDemonUITests/Info.plist;
				LD_RUNPATH_SEARCH_PATHS = "$(inherited) @executable_path/Frameworks @loader_path/Frameworks";
				PRODUCT_BUNDLE_IDENTIFIER = com.Demon.FrameworkDemonUITests;
				PRODUCT_NAME = "$(TARGET_NAME)";
				TEST_TARGET_NAME = FrameworkDemon;
			};
			name = Debug;
		};
		23D4F2421E5EC9AB006AA5B3 /* Release */ = {
			isa = XCBuildConfiguration;
			buildSettings = {
				INFOPLIST_FILE = FrameworkDemonUITests/Info.plist;
				LD_RUNPATH_SEARCH_PATHS = "$(inherited) @executable_path/Frameworks @loader_path/Frameworks";
				PRODUCT_BUNDLE_IDENTIFIER = com.Demon.FrameworkDemonUITests;
				PRODUCT_NAME = "$(TARGET_NAME)";
				TEST_TARGET_NAME = FrameworkDemon;
			};
			name = Release;
		};
/* End XCBuildConfiguration section */

/* Begin XCConfigurationList section */
		23D4F2081E5EC9AA006AA5B3 /* Build configuration list for PBXProject "FrameworkDemon" */ = {
			isa = XCConfigurationList;
			buildConfigurations = (
				23D4F2381E5EC9AB006AA5B3 /* Debug */,
				23D4F2391E5EC9AB006AA5B3 /* Release */,
			);
			defaultConfigurationIsVisible = 0;
			defaultConfigurationName = Release;
		};
		23D4F23A1E5EC9AB006AA5B3 /* Build configuration list for PBXNativeTarget "FrameworkDemon" */ = {
			isa = XCConfigurationList;
			buildConfigurations = (
				23D4F23B1E5EC9AB006AA5B3 /* Debug */,
				23D4F23C1E5EC9AB006AA5B3 /* Release */,
			);
			defaultConfigurationIsVisible = 0;
		};
		23D4F23D1E5EC9AB006AA5B3 /* Build configuration list for PBXNativeTarget "FrameworkDemonTests" */ = {
			isa = XCConfigurationList;
			buildConfigurations = (
				23D4F23E1E5EC9AB006AA5B3 /* Debug */,
				23D4F23F1E5EC9AB006AA5B3 /* Release */,
			);
			defaultConfigurationIsVisible = 0;
		};
		23D4F2401E5EC9AB006AA5B3 /* Build configuration list for PBXNativeTarget "FrameworkDemonUITests" */ = {
			isa = XCConfigurationList;
			buildConfigurations = (
				23D4F2411E5EC9AB006AA5B3 /* Debug */,
				23D4F2421E5EC9AB006AA5B3 /* Release */,
			);
			defaultConfigurationIsVisible = 0;
		};
/* End XCConfigurationList section */
	};
	rootObject = 23D4F2051E5EC9AA006AA5B3 /* Project object */;
}
